
Microsoft Visual Studio Solution File, Format Version 12.00
# Visual Studio Version 17
VisualStudioVersion = 17.6.33723.286
MinimumVisualStudioVersion = 10.0.40219.1
Project("{FAE04EC0-301F-11D3-BF4B-00C04F79EFBC}") = "baltaIOCrud", "baltaIOCrud\baltaIOCrud.csproj", "{F3F3062D-482F-4797-9C03-74F4A5A45357}"
EndProject
Global
	GlobalSection(SolutionConfigurationPlatforms) = preSolution
		Debug|Any CPU = Debug|Any CPU
		Release|Any CPU = Release|Any CPU
	EndGlobalSection
	GlobalSection(ProjectConfigurationPlatforms) = postSolution
		{F3F3062D-482F-4797-9C03-74F4A5A45357}.Debug|Any CPU.ActiveCfg = Debug|Any CPU
		{F3F3062D-482F-4797-9C03-74F4A5A45357}.Debug|Any CPU.Build.0 = Debug|Any CPU
		{F3F3062D-482F-4797-9C03-74F4A5A45357}.Release|Any CPU.ActiveCfg = Release|Any CPU
		{F3F3062D-482F-4797-9C03-74F4A5A45357}.Release|Any CPU.Build.0 = Release|Any CPU
	EndGlobalSection
	GlobalSection(SolutionProperties) = preSolution
		HideSolutionNode = FALSE
	EndGlobalSection
	GlobalSection(ExtensibilityGlobals) = postSolution
		SolutionGuid = {1B944453-A952-409F-A0C6-4C62F4187865}
	EndGlobalSection
EndGlobal
